
Microsoft Visual Studio Solution File, Format Version 12.00
# Visual Studio Version 17
VisualStudioVersion = 17.5.33414.496
MinimumVisualStudioVersion = 10.0.40219.1
Project("{FAE04EC0-301F-11D3-BF4B-00C04F79EFBC}") = "ImageManipulationSystemDrawing", "ImageManipulationSystemDrawing\ImageManipulationSystemDrawing.csproj", "{A3886B43-220A-47A4-979E-F950FBD1D379}"
EndProject
Global
	GlobalSection(SolutionConfigurationPlatforms) = preSolution
		Debug|Any CPU = Debug|Any CPU
		Release|Any CPU = Release|Any CPU
	EndGlobalSection
	GlobalSection(ProjectConfigurationPlatforms) = postSolution
		{A3886B43-220A-47A4-979E-F950FBD1D379}.Debug|Any CPU.ActiveCfg = Debug|Any CPU
		{A3886B43-220A-47A4-979E-F950FBD1D379}.Debug|Any CPU.Build.0 = Debug|Any CPU
		{A3886B43-220A-47A4-979E-F950FBD1D379}.Release|Any CPU.ActiveCfg = Release|Any CPU
		{A3886B43-220A-47A4-979E-F950FBD1D379}.Release|Any CPU.Build.0 = Release|Any CPU
	EndGlobalSection
	GlobalSection(SolutionProperties) = preSolution
		HideSolutionNode = FALSE
	EndGlobalSection
	GlobalSection(ExtensibilityGlobals) = postSolution
		SolutionGuid = {86C53F08-8CC3-4769-847C-61B27A2F3D51}
	EndGlobalSection
EndGlobal
